
Microsoft Visual Studio Solution File, Format Version 12.00
# Visual Studio Version 17
VisualStudioVersion = 17.14.36121.58 d17.14
MinimumVisualStudioVersion = 10.0.40219.1
Project("{FAE04EC0-301F-11D3-BF4B-00C04F79EFBC}") = "3laba", "3laba\3laba.csproj", "{F3F439BD-32B4-4461-BB44-062832FEEC9F}"
EndProject
Global
	GlobalSection(SolutionConfigurationPlatforms) = preSolution
		Debug|Any CPU = Debug|Any CPU
		Release|Any CPU = Release|Any CPU
	EndGlobalSection
	GlobalSection(ProjectConfigurationPlatforms) = postSolution
		{F3F439BD-32B4-4461-BB44-062832FEEC9F}.Debug|Any CPU.ActiveCfg = Debug|Any CPU
		{F3F439BD-32B4-4461-BB44-062832FEEC9F}.Debug|Any CPU.Build.0 = Debug|Any CPU
		{F3F439BD-32B4-4461-BB44-062832FEEC9F}.Release|Any CPU.ActiveCfg = Release|Any CPU
		{F3F439BD-32B4-4461-BB44-062832FEEC9F}.Release|Any CPU.Build.0 = Release|Any CPU
	EndGlobalSection
	GlobalSection(SolutionProperties) = preSolution
		HideSolutionNode = FALSE
	EndGlobalSection
	GlobalSection(ExtensibilityGlobals) = postSolution
		SolutionGuid = {F84585D1-50BF-4703-8FCE-1A89EC8855F4}
	EndGlobalSection
EndGlobal
